{
  "nodes": {
    "nixpkgs": {
      "locked": {
        "lastModified": 1791161550,
        "narHash": "sha256-FlkIecEaptr60mewZ/3SWP1CPKa1CpAwD3Xd8pL1bPk=",
        "rev": "8c6b39505383e6d5dcb431f00cb3597b71f8045c",
        "type": "tarball",
        "url": "https://releases.nixos.org/nixpkgs/nixpkgs-26.11pre1085727.8c6b39505383/nixexprs.tar.zst"
      },
      "original": {
        "id": "nixpkgs",
        "type": "indirect"
      }
    },
    "root": {
      "inputs": {
        "nixpkgs": "nixpkgs"
      }
    }
  },
  "root": "root",
  "version": 7
}
